
Microsoft Visual Studio Solution File, Format Version 12.00
# Visual Studio Version 16
VisualStudioVersion = 16.0.30028.174
MinimumVisualStudioVersion = 10.0.40219.1
Project("{9A19103F-16F7-4668-BE54-9A1E7A4F7556}") = "ClientWorker", "FactoryWorker\ClientWorker.csproj", "{94DF4AAD-8D35-4ABD-A725-747697E0BCE7}"
EndProject
Project("{FAE04EC0-301F-11D3-BF4B-00C04F79EFBC}") = "PortMonitorApp", "PortMonitorApp\PortMonitorApp.csproj", "{98248125-CFBA-4099-B331-9D847287FAE2}"
EndProject
Global
	GlobalSection(SolutionConfigurationPlatforms) = preSolution
		Debug|Any CPU = Debug|Any CPU
		Release|Any CPU = Release|Any CPU
	EndGlobalSection
	GlobalSection(ProjectConfigurationPlatforms) = postSolution
		{94DF4AAD-8D35-4ABD-A725-747697E0BCE7}.Debug|Any CPU.ActiveCfg = Debug|Any CPU
		{94DF4AAD-8D35-4ABD-A725-747697E0BCE7}.Debug|Any CPU.Build.0 = Debug|Any CPU
		{94DF4AAD-8D35-4ABD-A725-747697E0BCE7}.Release|Any CPU.ActiveCfg = Release|Any CPU
		{94DF4AAD-8D35-4ABD-A725-747697E0BCE7}.Release|Any CPU.Build.0 = Release|Any CPU
		{98248125-CFBA-4099-B331-9D847287FAE2}.Debug|Any CPU.ActiveCfg = Debug|Any CPU
		{98248125-CFBA-4099-B331-9D847287FAE2}.Debug|Any CPU.Build.0 = Debug|Any CPU
		{98248125-CFBA-4099-B331-9D847287FAE2}.Release|Any CPU.ActiveCfg = Release|Any CPU
		{98248125-CFBA-4099-B331-9D847287FAE2}.Release|Any CPU.Build.0 = Release|Any CPU
	EndGlobalSection
	GlobalSection(SolutionProperties) = preSolution
		HideSolutionNode = FALSE
	EndGlobalSection
	GlobalSection(ExtensibilityGlobals) = postSolution
		SolutionGuid = {884C5B67-6A6A-4DD9-A3EE-CC1E5A7C6971}
	EndGlobalSection
EndGlobal
